
Microsoft Visual Studio Solution File, Format Version 12.00
# Visual Studio 15
VisualStudioVersion = 15.0.28307.438
MinimumVisualStudioVersion = 10.0.40219.1
Project("{FAE04EC0-301F-11D3-BF4B-00C04F79EFBC}") = "ISOWeekDate", "ISOWeekDate\ISOWeekDate.csproj", "{EECF5B1C-C96E-472C-851E-3A6C11B045F3}"
EndProject
Project("{FAE04EC0-301F-11D3-BF4B-00C04F79EFBC}") = "ISOWeekDateTests", "ISOWeekDateTests\ISOWeekDateTests.csproj", "{BA8FF5F3-39A6-4F40-AC6D-997E8FCCBF12}"
EndProject
Global
	GlobalSection(SolutionConfigurationPlatforms) = preSolution
		Debug|Any CPU = Debug|Any CPU
		Release|Any CPU = Release|Any CPU
	EndGlobalSection
	GlobalSection(ProjectConfigurationPlatforms) = postSolution
		{EECF5B1C-C96E-472C-851E-3A6C11B045F3}.Debug|Any CPU.ActiveCfg = Debug|Any CPU
		{EECF5B1C-C96E-472C-851E-3A6C11B045F3}.Debug|Any CPU.Build.0 = Debug|Any CPU
		{EECF5B1C-C96E-472C-851E-3A6C11B045F3}.Release|Any CPU.ActiveCfg = Release|Any CPU
		{EECF5B1C-C96E-472C-851E-3A6C11B045F3}.Release|Any CPU.Build.0 = Release|Any CPU
		{BA8FF5F3-39A6-4F40-AC6D-997E8FCCBF12}.Debug|Any CPU.ActiveCfg = Debug|Any CPU
		{BA8FF5F3-39A6-4F40-AC6D-997E8FCCBF12}.Debug|Any CPU.Build.0 = Debug|Any CPU
		{BA8FF5F3-39A6-4F40-AC6D-997E8FCCBF12}.Release|Any CPU.ActiveCfg = Release|Any CPU
		{BA8FF5F3-39A6-4F40-AC6D-997E8FCCBF12}.Release|Any CPU.Build.0 = Release|Any CPU
	EndGlobalSection
	GlobalSection(SolutionProperties) = preSolution
		HideSolutionNode = FALSE
	EndGlobalSection
	GlobalSection(ExtensibilityGlobals) = postSolution
		SolutionGuid = {0A093C27-25F3-4FBE-B486-F0CC3B5A06D4}
	EndGlobalSection
EndGlobal
